{
  "version": 4,
  "terraform_version": "1.0.0",
  "serial": 116,
  "lineage": "726df3a3-bdd8-a527-0dec-4ad1c677a5f8",
  "outputs": {
    "instance_id": {
      "value": "i-095aab3db67ae1258",
      "type": "string"
    },
    "instance_public_dns": {
      "value": "",
      "type": "string"
    },
    "instance_public_ip": {
      "value": "",
      "type": "string"
    },
    "instance_tag": {
      "value": {
        "Name": "Flugel-instance1",
        "Owner": "InfraTeam"
      },
      "type": [
        "map",
        "string"
      ]
    }
  },
  "resources": [
    {
      "mode": "managed",
      "type": "aws_instance",
      "name": "Flugel",
      "provider": "provider[\"registry.terraform.io/hashicorp/aws\"]",
      "instances": [
        {
          "schema_version": 1,
          "attributes": {
            "ami": "ami-09e67e426f25ce0d7",
            "arn": "arn:aws:ec2:us-east-1:264541750940:instance/i-095aab3db67ae1258",
            "associate_public_ip_address": false,
            "availability_zone": "us-east-1a",
            "capacity_reservation_specification": [
              {
                "capacity_reservation_preference": "open",
                "capacity_reservation_target": []
              }
            ],
            "cpu_core_count": 1,
            "cpu_threads_per_core": 1,
            "credit_specification": [
              {
                "cpu_credits": "standard"
              }
            ],
            "disable_api_termination": false,
            "ebs_block_device": [],
            "ebs_optimized": false,
            "enclave_options": [
              {
                "enabled": false
              }
            ],
            "ephemeral_block_device": [],
            "get_password_data": false,
            "hibernation": false,
            "host_id": null,
            "iam_instance_profile": "",
            "id": "i-095aab3db67ae1258",
            "instance_initiated_shutdown_behavior": "stop",
            "instance_state": "running",
            "instance_type": "t2.micro",
            "ipv6_address_count": 0,
            "ipv6_addresses": [],
            "key_name": "",
            "metadata_options": [
              {
                "http_endpoint": "enabled",
                "http_put_response_hop_limit": 1,
                "http_tokens": "optional"
              }
            ],
            "monitoring": false,
            "network_interface": [],
            "outpost_arn": "",
            "password_data": "",
            "placement_group": "",
            "primary_network_interface_id": "eni-02fe44d1de86dda8d",
            "private_dns": "ip-172-16-10-34.ec2.internal",
            "private_ip": "172.16.10.34",
            "public_dns": "",
            "public_ip": "",
            "root_block_device": [
              {
                "delete_on_termination": true,
                "device_name": "/dev/sda1",
                "encrypted": false,
                "iops": 100,
                "kms_key_id": "",
                "tags": {},
                "throughput": 0,
                "volume_id": "vol-06a91e8307e12b9ee",
                "volume_size": 8,
                "volume_type": "gp2"
              }
            ],
            "secondary_private_ips": [],
            "security_groups": [
              "sg-05c7718bb4338bf7e"
            ],
            "source_dest_check": true,
            "subnet_id": "subnet-08670f5b4e6a89ee3",
            "tags": {
              "Name": "Flugel-instance1",
              "Owner": "InfraTeam"
            },
            "tags_all": {
              "Name": "Flugel-instance1",
              "Owner": "InfraTeam"
            },
            "tenancy": "default",
            "timeouts": null,
            "user_data": null,
            "user_data_base64": null,
            "volume_tags": null,
            "vpc_security_group_ids": [
              "sg-05c7718bb4338bf7e"
            ]
          },
          "sensitive_attributes": [],
          "private": "eyJlMmJmYjczMC1lY2FhLTExZTYtOGY4OC0zNDM2M2JjN2M0YzAiOnsiY3JlYXRlIjo2MDAwMDAwMDAwMDAsImRlbGV0ZSI6MTIwMDAwMDAwMDAwMCwidXBkYXRlIjo2MDAwMDAwMDAwMDB9LCJzY2hlbWFfdmVyc2lvbiI6IjEifQ==",
          "dependencies": [
            "aws_security_group.flugel",
            "aws_subnet.flugel",
            "aws_vpc.flugel"
          ]
        }
      ]
    },
    {
      "mode": "managed",
      "type": "aws_instance",
      "name": "flugel1",
      "provider": "provider[\"registry.terraform.io/hashicorp/aws\"]",
      "instances": [
        {
          "schema_version": 1,
          "attributes": {
            "ami": "ami-09e67e426f25ce0d7",
            "arn": "arn:aws:ec2:us-east-1:264541750940:instance/i-04c257e69301594fd",
            "associate_public_ip_address": false,
            "availability_zone": "us-east-1a",
            "capacity_reservation_specification": [
              {
                "capacity_reservation_preference": "open",
                "capacity_reservation_target": []
              }
            ],
            "cpu_core_count": 1,
            "cpu_threads_per_core": 1,
            "credit_specification": [
              {
                "cpu_credits": "standard"
              }
            ],
            "disable_api_termination": false,
            "ebs_block_device": [],
            "ebs_optimized": false,
            "enclave_options": [
              {
                "enabled": false
              }
            ],
            "ephemeral_block_device": [],
            "get_password_data": false,
            "hibernation": false,
            "host_id": null,
            "iam_instance_profile": "",
            "id": "i-04c257e69301594fd",
            "instance_initiated_shutdown_behavior": "stop",
            "instance_state": "running",
            "instance_type": "t2.micro",
            "ipv6_address_count": 0,
            "ipv6_addresses": [],
            "key_name": "",
            "metadata_options": [
              {
                "http_endpoint": "enabled",
                "http_put_response_hop_limit": 1,
                "http_tokens": "optional"
              }
            ],
            "monitoring": false,
            "network_interface": [],
            "outpost_arn": "",
            "password_data": "",
            "placement_group": "",
            "primary_network_interface_id": "eni-0c74c407975428922",
            "private_dns": "ip-172-16-10-15.ec2.internal",
            "private_ip": "172.16.10.15",
            "public_dns": "",
            "public_ip": "",
            "root_block_device": [
              {
                "delete_on_termination": true,
                "device_name": "/dev/sda1",
                "encrypted": false,
                "iops": 100,
                "kms_key_id": "",
                "tags": {},
                "throughput": 0,
                "volume_id": "vol-060b56833bd60564a",
                "volume_size": 8,
                "volume_type": "gp2"
              }
            ],
            "secondary_private_ips": [],
            "security_groups": [
              "sg-05c7718bb4338bf7e"
            ],
            "source_dest_check": true,
            "subnet_id": "subnet-08670f5b4e6a89ee3",
            "tags": {
              "Name": "Flugel-instance2",
              "Owner": "InfraTeam"
            },
            "tags_all": {
              "Name": "Flugel-instance2",
              "Owner": "InfraTeam"
            },
            "tenancy": "default",
            "timeouts": null,
            "user_data": null,
            "user_data_base64": null,
            "volume_tags": null,
            "vpc_security_group_ids": [
              "sg-05c7718bb4338bf7e"
            ]
          },
          "sensitive_attributes": [],
          "private": "eyJlMmJmYjczMC1lY2FhLTExZTYtOGY4OC0zNDM2M2JjN2M0YzAiOnsiY3JlYXRlIjo2MDAwMDAwMDAwMDAsImRlbGV0ZSI6MTIwMDAwMDAwMDAwMCwidXBkYXRlIjo2MDAwMDAwMDAwMDB9LCJzY2hlbWFfdmVyc2lvbiI6IjEifQ==",
          "dependencies": [
            "aws_security_group.flugel",
            "aws_subnet.flugel",
            "aws_vpc.flugel"
          ]
        }
      ]
    },
    {
      "mode": "managed",
      "type": "aws_network_interface",
      "name": "flugel",
      "provider": "provider[\"registry.terraform.io/hashicorp/aws\"]",
      "instances": [
        {
          "schema_version": 0,
          "attributes": {
            "attachment": [],
            "description": "",
            "id": "eni-0e963f10252a789e9",
            "interface_type": "interface",
            "ipv6_address_count": 0,
            "ipv6_addresses": [],
            "mac_address": "02:90:ae:55:06:e7",
            "outpost_arn": "",
            "private_dns_name": "",
            "private_ip": "172.16.10.100",
            "private_ips": [
              "172.16.10.100"
            ],
            "private_ips_count": 0,
            "security_groups": [
              "sg-0dddc251abf66fb04"
            ],
            "source_dest_check": true,
            "subnet_id": "subnet-08670f5b4e6a89ee3",
            "tags": {
              "Name": "primary_network_interface"
            },
            "tags_all": {
              "Name": "primary_network_interface"
            }
          },
          "sensitive_attributes": [],
          "private": "bnVsbA==",
          "dependencies": [
            "aws_subnet.flugel",
            "aws_vpc.flugel"
          ]
        }
      ]
    },
    {
      "mode": "managed",
      "type": "aws_security_group",
      "name": "flugel",
      "provider": "provider[\"registry.terraform.io/hashicorp/aws\"]",
      "instances": [
        {
          "schema_version": 1,
          "attributes": {
            "arn": "arn:aws:ec2:us-east-1:264541750940:security-group/sg-05c7718bb4338bf7e",
            "description": "Managed by Terraform",
            "egress": [],
            "id": "sg-05c7718bb4338bf7e",
            "ingress": [
              {
                "cidr_blocks": [
                  "0.0.0.0/0"
                ],
                "description": "",
                "from_port": 80,
                "ipv6_cidr_blocks": [],
                "prefix_list_ids": [],
                "protocol": "tcp",
                "security_groups": [],
                "self": false,
                "to_port": 80
              }
            ],
            "name": "terraform-20210630202530488600000001",
            "name_prefix": "terraform-",
            "owner_id": "264541750940",
            "revoke_rules_on_delete": false,
            "tags": null,
            "tags_all": {},
            "timeouts": null,
            "vpc_id": "vpc-037a5c04cedb5aedc"
          },
          "sensitive_attributes": [],
          "private": "eyJlMmJmYjczMC1lY2FhLTExZTYtOGY4OC0zNDM2M2JjN2M0YzAiOnsiY3JlYXRlIjo2MDAwMDAwMDAwMDAsImRlbGV0ZSI6OTAwMDAwMDAwMDAwfSwic2NoZW1hX3ZlcnNpb24iOiIxIn0=",
          "dependencies": [
            "aws_vpc.flugel"
          ]
        }
      ]
    },
    {
      "mode": "managed",
      "type": "aws_subnet",
      "name": "flugel",
      "provider": "provider[\"registry.terraform.io/hashicorp/aws\"]",
      "instances": [
        {
          "schema_version": 1,
          "attributes": {
            "arn": "arn:aws:ec2:us-east-1:264541750940:subnet/subnet-08670f5b4e6a89ee3",
            "assign_ipv6_address_on_creation": false,
            "availability_zone": "us-east-1a",
            "availability_zone_id": "use1-az1",
            "cidr_block": "172.16.10.0/24",
            "customer_owned_ipv4_pool": "",
            "id": "subnet-08670f5b4e6a89ee3",
            "ipv6_cidr_block": "",
            "ipv6_cidr_block_association_id": "",
            "map_customer_owned_ip_on_launch": false,
            "map_public_ip_on_launch": false,
            "outpost_arn": "",
            "owner_id": "264541750940",
            "tags": {
              "Name": "Flugel",
              "Owner": "InfraTeam"
            },
            "tags_all": {
              "Name": "Flugel",
              "Owner": "InfraTeam"
            },
            "timeouts": null,
            "vpc_id": "vpc-037a5c04cedb5aedc"
          },
          "sensitive_attributes": [],
          "private": "eyJlMmJmYjczMC1lY2FhLTExZTYtOGY4OC0zNDM2M2JjN2M0YzAiOnsiY3JlYXRlIjo2MDAwMDAwMDAwMDAsImRlbGV0ZSI6MTIwMDAwMDAwMDAwMH0sInNjaGVtYV92ZXJzaW9uIjoiMSJ9",
          "dependencies": [
            "aws_vpc.flugel"
          ]
        }
      ]
    },
    {
      "mode": "managed",
      "type": "aws_vpc",
      "name": "flugel",
      "provider": "provider[\"registry.terraform.io/hashicorp/aws\"]",
      "instances": [
        {
          "schema_version": 1,
          "attributes": {
            "arn": "arn:aws:ec2:us-east-1:264541750940:vpc/vpc-037a5c04cedb5aedc",
            "assign_generated_ipv6_cidr_block": false,
            "cidr_block": "172.16.0.0/16",
            "default_network_acl_id": "acl-0d75c8aedf2f0fa36",
            "default_route_table_id": "rtb-089772856d2a12e19",
            "default_security_group_id": "sg-0dddc251abf66fb04",
            "dhcp_options_id": "dopt-f130788b",
            "enable_classiclink": false,
            "enable_classiclink_dns_support": false,
            "enable_dns_hostnames": false,
            "enable_dns_support": true,
            "id": "vpc-037a5c04cedb5aedc",
            "instance_tenancy": "default",
            "ipv6_association_id": "",
            "ipv6_cidr_block": "",
            "main_route_table_id": "rtb-089772856d2a12e19",
            "owner_id": "264541750940",
            "tags": {
              "Name": "Flugel",
              "Owner": "InfraTeam"
            },
            "tags_all": {
              "Name": "Flugel",
              "Owner": "InfraTeam"
            }
          },
          "sensitive_attributes": [],
          "private": "eyJzY2hlbWFfdmVyc2lvbiI6IjEifQ=="
        }
      ]
    }
  ]
}
